
Microsoft Visual Studio Solution File, Format Version 12.00
# Visual Studio Version 16
VisualStudioVersion = 16.0.31729.503
MinimumVisualStudioVersion = 10.0.40219.1
Project("{FAE04EC0-301F-11D3-BF4B-00C04F79EFBC}") = "flappy-bird-wf-game", "flappy-bird-wf-game.csproj", "{1A61D318-97CC-45FA-A3E3-C3BDB5B36EFF}"
EndProject
Global
	GlobalSection(SolutionConfigurationPlatforms) = preSolution
		Debug|Any CPU = Debug|Any CPU
		Release|Any CPU = Release|Any CPU
	EndGlobalSection
	GlobalSection(ProjectConfigurationPlatforms) = postSolution
		{1A61D318-97CC-45FA-A3E3-C3BDB5B36EFF}.Debug|Any CPU.ActiveCfg = Debug|Any CPU
		{1A61D318-97CC-45FA-A3E3-C3BDB5B36EFF}.Debug|Any CPU.Build.0 = Debug|Any CPU
		{1A61D318-97CC-45FA-A3E3-C3BDB5B36EFF}.Release|Any CPU.ActiveCfg = Release|Any CPU
		{1A61D318-97CC-45FA-A3E3-C3BDB5B36EFF}.Release|Any CPU.Build.0 = Release|Any CPU
	EndGlobalSection
	GlobalSection(SolutionProperties) = preSolution
		HideSolutionNode = FALSE
	EndGlobalSection
	GlobalSection(ExtensibilityGlobals) = postSolution
		SolutionGuid = {73FE4913-B49A-4C5F-A7CA-CB8C6BE4B781}
	EndGlobalSection
EndGlobal
